// !$*UTF8*$!
{
	archiveVersion = 1;
	classes = {
	};
	objectVersion = 77;
	objects = {

/* Begin PBXContainerItemProxy section */
		21A8BC692D58095900E51E0F /* PBXContainerItemProxy */ = {
			isa = PBXContainerItemProxy;
			containerPortal = 21A8BC4A2D58095800E51E0F /* Project object */;
			proxyType = 1;
			remoteGlobalIDString = 21A8BC512D58095800E51E0F;
			remoteInfo = "feb8-StudentList-Practice6";
		};
		21A8BC732D58095900E51E0F /* PBXContainerItemProxy */ = {
			isa = PBXContainerItemProxy;
			containerPortal = 21A8BC4A2D58095800E51E0F /* Project object */;
			proxyType = 1;
			remoteGlobalIDString = 21A8BC512D58095800E51E0F;
			remoteInfo = "feb8-StudentList-Practice6";
		};
/* End PBXContainerItemProxy section */

/* Begin PBXFileReference section */
		21A8BC522D58095800E51E0F /* feb8-StudentList-Practice6.app */ = {isa = PBXFileReference; explicitFileType = wrapper.application; includeInIndex = 0; path = "feb8-StudentList-Practice6.app"; sourceTree = BUILT_PRODUCTS_DIR; };
		21A8BC682D58095900E51E0F /* feb8-StudentList-Practice6Tests.xctest */ = {isa = PBXFileReference; explicitFileType = wrapper.cfbundle; includeInIndex = 0; path = "feb8-StudentList-Practice6Tests.xctest"; sourceTree = BUILT_PRODUCTS_DIR; };
		21A8BC722D58095900E51E0F /* feb8-StudentList-Practice6UITests.xctest */ = {isa = PBXFileReference; explicitFileType = wrapper.cfbundle; includeInIndex = 0; path = "feb8-StudentList-Practice6UITests.xctest"; sourceTree = BUILT_PRODUCTS_DIR; };
/* End PBXFileReference section */

/* Begin PBXFileSystemSynchronizedBuildFileExceptionSet section */
		21A8BC7A2D58095900E51E0F /* Exceptions for "feb8-StudentList-Practice6" folder in "feb8-StudentList-Practice6" target */ = {
			isa = PBXFileSystemSynchronizedBuildFileExceptionSet;
			membershipExceptions = (
				Info.plist,
			);
			target = 21A8BC512D58095800E51E0F /* feb8-StudentList-Practice6 */;
		};
/* End PBXFileSystemSynchronizedBuildFileExceptionSet section */

/* Begin PBXFileSystemSynchronizedRootGroup section */
		21A8BC542D58095800E51E0F /* feb8-StudentList-Practice6 */ = {
			isa = PBXFileSystemSynchronizedRootGroup;
			exceptions = (
				21A8BC7A2D58095900E51E0F /* Exceptions for "feb8-StudentList-Practice6" folder in "feb8-StudentList-Practice6" target */,
			);
			path = "feb8-StudentList-Practice6";
			sourceTree = "<group>";
		};
		21A8BC6B2D58095900E51E0F /* feb8-StudentList-Practice6Tests */ = {
			isa = PBXFileSystemSynchronizedRootGroup;
			path = "feb8-StudentList-Practice6Tests";
			sourceTree = "<group>";
		};
		21A8BC752D58095900E51E0F /* feb8-StudentList-Practice6UITests */ = {
			isa = PBXFileSystemSynchronizedRootGroup;
			path = "feb8-StudentList-Practice6UITests";
			sourceTree = "<group>";
		};
/* End PBXFileSystemSynchronizedRootGroup section */

/* Begin PBXFrameworksBuildPhase section */
		21A8BC4F2D58095800E51E0F /* Frameworks */ = {
			isa = PBXFrameworksBuildPhase;
			buildActionMask = 2147483647;
			files = (
			);
			runOnlyForDeploymentPostprocessing = 0;
		};
		21A8BC652D58095900E51E0F /* Frameworks */ = {
			isa = PBXFrameworksBuildPhase;
			buildActionMask = 2147483647;
			files = (
			);
			runOnlyForDeploymentPostprocessing = 0;
		};
		21A8BC6F2D58095900E51E0F /* Frameworks */ = {
			isa = PBXFrameworksBuildPhase;
			buildActionMask = 2147483647;
			files = (
			);
			runOnlyForDeploymentPostprocessing = 0;
		};
/* End PBXFrameworksBuildPhase section */

/* Begin PBXGroup section */
		21A8BC492D58095800E51E0F = {
			isa = PBXGroup;
			children = (
				21A8BC542D58095800E51E0F /* feb8-StudentList-Practice6 */,
				21A8BC6B2D58095900E51E0F /* feb8-StudentList-Practice6Tests */,
				21A8BC752D58095900E51E0F /* feb8-StudentList-Practice6UITests */,
				21A8BC532D58095800E51E0F /* Products */,
			);
			sourceTree = "<group>";
		};
		21A8BC532D58095800E51E0F /* Products */ = {
			isa = PBXGroup;
			children = (
				21A8BC522D58095800E51E0F /* feb8-StudentList-Practice6.app */,
				21A8BC682D58095900E51E0F /* feb8-StudentList-Practice6Tests.xctest */,
				21A8BC722D58095900E51E0F /* feb8-StudentList-Practice6UITests.xctest */,
			);
			name = Products;
			sourceTree = "<group>";
		};
/* End PBXGroup section */

/* Begin PBXNativeTarget section */
		21A8BC512D58095800E51E0F /* feb8-StudentList-Practice6 */ = {
			isa = PBXNativeTarget;
			buildConfigurationList = 21A8BC7B2D58095900E51E0F /* Build configuration list for PBXNativeTarget "feb8-StudentList-Practice6" */;
			buildPhases = (
				21A8BC4E2D58095800E51E0F /* Sources */,
				21A8BC4F2D58095800E51E0F /* Frameworks */,
				21A8BC502D58095800E51E0F /* Resources */,
			);
			buildRules = (
			);
			dependencies = (
			);
			fileSystemSynchronizedGroups = (
				21A8BC542D58095800E51E0F /* feb8-StudentList-Practice6 */,
			);
			name = "feb8-StudentList-Practice6";
			packageProductDependencies = (
			);
			productName = "feb8-StudentList-Practice6";
			productReference = 21A8BC522D58095800E51E0F /* feb8-StudentList-Practice6.app */;
			productType = "com.apple.product-type.application";
		};
		21A8BC672D58095900E51E0F /* feb8-StudentList-Practice6Tests */ = {
			isa = PBXNativeTarget;
			buildConfigurationList = 21A8BC802D58095900E51E0F /* Build configuration list for PBXNativeTarget "feb8-StudentList-Practice6Tests" */;
			buildPhases = (
				21A8BC642D58095900E51E0F /* Sources */,
				21A8BC652D58095900E51E0F /* Frameworks */,
				21A8BC662D58095900E51E0F /* Resources */,
			);
			buildRules = (
			);
			dependencies = (
				21A8BC6A2D58095900E51E0F /* PBXTargetDependency */,
			);
			fileSystemSynchronizedGroups = (
				21A8BC6B2D58095900E51E0F /* feb8-StudentList-Practice6Tests */,
			);
			name = "feb8-StudentList-Practice6Tests";
			packageProductDependencies = (
			);
			productName = "feb8-StudentList-Practice6Tests";
			productReference = 21A8BC682D58095900E51E0F /* feb8-StudentList-Practice6Tests.xctest */;
			productType = "com.apple.product-type.bundle.unit-test";
		};
		21A8BC712D58095900E51E0F /* feb8-StudentList-Practice6UITests */ = {
			isa = PBXNativeTarget;
			buildConfigurationList = 21A8BC832D58095900E51E0F /* Build configuration list for PBXNativeTarget "feb8-StudentList-Practice6UITests" */;
			buildPhases = (
				21A8BC6E2D58095900E51E0F /* Sources */,
				21A8BC6F2D58095900E51E0F /* Frameworks */,
				21A8BC702D58095900E51E0F /* Resources */,
			);
			buildRules = (
			);
			dependencies = (
				21A8BC742D58095900E51E0F /* PBXTargetDependency */,
			);
			fileSystemSynchronizedGroups = (
				21A8BC752D58095900E51E0F /* feb8-StudentList-Practice6UITests */,
			);
			name = "feb8-StudentList-Practice6UITests";
			packageProductDependencies = (
			);
			productName = "feb8-StudentList-Practice6UITests";
			productReference = 21A8BC722D58095900E51E0F /* feb8-StudentList-Practice6UITests.xctest */;
			productType = "com.apple.product-type.bundle.ui-testing";
		};
/* End PBXNativeTarget section */

/* Begin PBXProject section */
		21A8BC4A2D58095800E51E0F /* Project object */ = {
			isa = PBXProject;
			attributes = {
				BuildIndependentTargetsInParallel = 1;
				LastSwiftUpdateCheck = 1610;
				LastUpgradeCheck = 1610;
				TargetAttributes = {
					21A8BC512D58095800E51E0F = {
						CreatedOnToolsVersion = 16.1;
					};
					21A8BC672D58095900E51E0F = {
						CreatedOnToolsVersion = 16.1;
						TestTargetID = 21A8BC512D58095800E51E0F;
					};
					21A8BC712D58095900E51E0F = {
						CreatedOnToolsVersion = 16.1;
						TestTargetID = 21A8BC512D58095800E51E0F;
					};
				};
			};
			buildConfigurationList = 21A8BC4D2D58095800E51E0F /* Build configuration list for PBXProject "feb8-StudentList-Practice6" */;
			developmentRegion = en;
			hasScannedForEncodings = 0;
			knownRegions = (
				en,
				Base,
			);
			mainGroup = 21A8BC492D58095800E51E0F;
			minimizedProjectReferenceProxies = 1;
			preferredProjectObjectVersion = 77;
			productRefGroup = 21A8BC532D58095800E51E0F /* Products */;
			projectDirPath = "";
			projectRoot = "";
			targets = (
				21A8BC512D58095800E51E0F /* feb8-StudentList-Practice6 */,
				21A8BC672D58095900E51E0F /* feb8-StudentList-Practice6Tests */,
				21A8BC712D58095900E51E0F /* feb8-StudentList-Practice6UITests */,
			);
		};
/* End PBXProject section */

/* Begin PBXResourcesBuildPhase section */
		21A8BC502D58095800E51E0F /* Resources */ = {
			isa = PBXResourcesBuildPhase;
			buildActionMask = 2147483647;
			files = (
			);
			runOnlyForDeploymentPostprocessing = 0;
		};
		21A8BC662D58095900E51E0F /* Resources */ = {
			isa = PBXResourcesBuildPhase;
			buildActionMask = 2147483647;
			files = (
			);
			runOnlyForDeploymentPostprocessing = 0;
		};
		21A8BC702D58095900E51E0F /* Resources */ = {
			isa = PBXResourcesBuildPhase;
			buildActionMask = 2147483647;
			files = (
			);
			runOnlyForDeploymentPostprocessing = 0;
		};
/* End PBXResourcesBuildPhase section */

/* Begin PBXSourcesBuildPhase section */
		21A8BC4E2D58095800E51E0F /* Sources */ = {
			isa = PBXSourcesBuildPhase;
			buildActionMask = 2147483647;
			files = (
			);
			runOnlyForDeploymentPostprocessing = 0;
		};
		21A8BC642D58095900E51E0F /* Sources */ = {
			isa = PBXSourcesBuildPhase;
			buildActionMask = 2147483647;
			files = (
			);
			runOnlyForDeploymentPostprocessing = 0;
		};
		21A8BC6E2D58095900E51E0F /* Sources */ = {
			isa = PBXSourcesBuildPhase;
			buildActionMask = 2147483647;
			files = (
			);
			runOnlyForDeploymentPostprocessing = 0;
		};
/* End PBXSourcesBuildPhase section */

/* Begin PBXTargetDependency section */
		21A8BC6A2D58095900E51E0F /* PBXTargetDependency */ = {
			isa = PBXTargetDependency;
			target = 21A8BC512D58095800E51E0F /* feb8-StudentList-Practice6 */;
			targetProxy = 21A8BC692D58095900E51E0F /* PBXContainerItemProxy */;
		};
		21A8BC742D58095900E51E0F /* PBXTargetDependency */ = {
			isa = PBXTargetDependency;
			target = 21A8BC512D58095800E51E0F /* feb8-StudentList-Practice6 */;
			targetProxy = 21A8BC732D58095900E51E0F /* PBXContainerItemProxy */;
		};
/* End PBXTargetDependency section */

/* Begin XCBuildConfiguration section */
		21A8BC7C2D58095900E51E0F /* Debug */ = {
			isa = XCBuildConfiguration;
			buildSettings = {
				ASSETCATALOG_COMPILER_APPICON_NAME = AppIcon;
				ASSETCATALOG_COMPILER_GLOBAL_ACCENT_COLOR_NAME = AccentColor;
				CODE_SIGN_STYLE = Automatic;
				CURRENT_PROJECT_VERSION = 1;
				GENERATE_INFOPLIST_FILE = YES;
				INFOPLIST_FILE = "feb8-StudentList-Practice6/Info.plist";
				INFOPLIST_KEY_UIApplicationSupportsIndirectInputEvents = YES;
				INFOPLIST_KEY_UILaunchStoryboardName = LaunchScreen;
				INFOPLIST_KEY_UIMainStoryboardFile = Main;
				INFOPLIST_KEY_UISupportedInterfaceOrientations_iPad = "UIInterfaceOrientationPortrait UIInterfaceOrientationPortraitUpsideDown UIInterfaceOrientationLandscapeLeft UIInterfaceOrientationLandscapeRight";
				INFOPLIST_KEY_UISupportedInterfaceOrientations_iPhone = "UIInterfaceOrientationPortrait UIInterfaceOrientationLandscapeLeft UIInterfaceOrientationLandscapeRight";
				LD_RUNPATH_SEARCH_PATHS = (
					"$(inherited)",
					"@executable_path/Frameworks",
				);
				MARKETING_VERSION = 1.0;
				PRODUCT_BUNDLE_IDENTIFIER = "studentList.feb8-StudentList-Practice6";
				PRODUCT_NAME = "$(TARGET_NAME)";
				SWIFT_EMIT_LOC_STRINGS = YES;
				SWIFT_VERSION = 5.0;
				TARGETED_DEVICE_FAMILY = "1,2";
			};
			name = Debug;
		};
		21A8BC7D2D58095900E51E0F /* Release */ = {
			isa = XCBuildConfiguration;
			buildSettings = {
				ASSETCATALOG_COMPILER_APPICON_NAME = AppIcon;
				ASSETCATALOG_COMPILER_GLOBAL_ACCENT_COLOR_NAME = AccentColor;
				CODE_SIGN_STYLE = Automatic;
				CURRENT_PROJECT_VERSION = 1;
				GENERATE_INFOPLIST_FILE = YES;
				INFOPLIST_FILE = "feb8-StudentList-Practice6/Info.plist";
				INFOPLIST_KEY_UIApplicationSupportsIndirectInputEvents = YES;
				INFOPLIST_KEY_UILaunchStoryboardName = LaunchScreen;
				INFOPLIST_KEY_UIMainStoryboardFile = Main;
				INFOPLIST_KEY_UISupportedInterfaceOrientations_iPad = "UIInterfaceOrientationPortrait UIInterfaceOrientationPortraitUpsideDown UIInterfaceOrientationLandscapeLeft UIInterfaceOrientationLandscapeRight";
				INFOPLIST_KEY_UISupportedInterfaceOrientations_iPhone = "UIInterfaceOrientationPortrait UIInterfaceOrientationLandscapeLeft UIInterfaceOrientationLandscapeRight";
				LD_RUNPATH_SEARCH_PATHS = (
					"$(inherited)",
					"@executable_path/Frameworks",
				);
				MARKETING_VERSION = 1.0;
				PRODUCT_BUNDLE_IDENTIFIER = "studentList.feb8-StudentList-Practice6";
				PRODUCT_NAME = "$(TARGET_NAME)";
				SWIFT_EMIT_LOC_STRINGS = YES;
				SWIFT_VERSION = 5.0;
				TARGETED_DEVICE_FAMILY = "1,2";
			};
			name = Release;
		};
		21A8BC7E2D58095900E51E0F /* Debug */ = {
			isa = XCBuildConfiguration;
			buildSettings = {
				ALWAYS_SEARCH_USER_PATHS = NO;
				ASSETCATALOG_COMPILER_GENERATE_SWIFT_ASSET_SYMBOL_EXTENSIONS = YES;
				CLANG_ANALYZER_NONNULL = YES;
				CLANG_ANALYZER_NUMBER_OBJECT_CONVERSION = YES_AGGRESSIVE;
				CLANG_CXX_LANGUAGE_STANDARD = "gnu++20";
				CLANG_ENABLE_MODULES = YES;
				CLANG_ENABLE_OBJC_ARC = YES;
				CLANG_ENABLE_OBJC_WEAK = YES;
				CLANG_WARN_BLOCK_CAPTURE_AUTORELEASING = YES;
				CLANG_WARN_BOOL_CONVERSION = YES;
				CLANG_WARN_COMMA = YES;
				CLANG_WARN_CONSTANT_CONVERSION = YES;
				CLANG_WARN_DEPRECATED_OBJC_IMPLEMENTATIONS = YES;
				CLANG_WARN_DIRECT_OBJC_ISA_USAGE = YES_ERROR;
				CLANG_WARN_DOCUMENTATION_COMMENTS = YES;
				CLANG_WARN_EMPTY_BODY = YES;
				CLANG_WARN_ENUM_CONVERSION = YES;
				CLANG_WARN_INFINITE_RECURSION = YES;
				CLANG_WARN_INT_CONVERSION = YES;
				CLANG_WARN_NON_LITERAL_NULL_CONVERSION = YES;
				CLANG_WARN_OBJC_IMPLICIT_RETAIN_SELF = YES;
				CLANG_WARN_OBJC_LITERAL_CONVERSION = YES;
				CLANG_WARN_OBJC_ROOT_CLASS = YES_ERROR;
				CLANG_WARN_QUOTED_INCLUDE_IN_FRAMEWORK_HEADER = YES;
				CLANG_WARN_RANGE_LOOP_ANALYSIS = YES;
				CLANG_WARN_STRICT_PROTOTYPES = YES;
				CLANG_WARN_SUSPICIOUS_MOVE = YES;
				CLANG_WARN_UNGUARDED_AVAILABILITY = YES_AGGRESSIVE;
				CLANG_WARN_UNREACHABLE_CODE = YES;
				CLANG_WARN__DUPLICATE_METHOD_MATCH = YES;
				COPY_PHASE_STRIP = NO;
				DEBUG_INFORMATION_FORMAT = dwarf;
				ENABLE_STRICT_OBJC_MSGSEND = YES;
				ENABLE_TESTABILITY = YES;
				ENABLE_USER_SCRIPT_SANDBOXING = YES;
				GCC_C_LANGUAGE_STANDARD = gnu17;
				GCC_DYNAMIC_NO_PIC = NO;
				GCC_NO_COMMON_BLOCKS = YES;
				GCC_OPTIMIZATION_LEVEL = 0;
				GCC_PREPROCESSOR_DEFINITIONS = (
					"DEBUG=1",
					"$(inherited)",
				);
				GCC_WARN_64_TO_32_BIT_CONVERSION = YES;
				GCC_WARN_ABOUT_RETURN_TYPE = YES_ERROR;
				GCC_WARN_UNDECLARED_SELECTOR = YES;
				GCC_WARN_UNINITIALIZED_AUTOS = YES_AGGRESSIVE;
				GCC_WARN_UNUSED_FUNCTION = YES;
				GCC_WARN_UNUSED_VARIABLE = YES;
				IPHONEOS_DEPLOYMENT_TARGET = 18.1;
				LOCALIZATION_PREFERS_STRING_CATALOGS = YES;
				MTL_ENABLE_DEBUG_INFO = INCLUDE_SOURCE;
				MTL_FAST_MATH = YES;
				ONLY_ACTIVE_ARCH = YES;
				SDKROOT = iphoneos;
				SWIFT_ACTIVE_COMPILATION_CONDITIONS = "DEBUG $(inherited)";
				SWIFT_OPTIMIZATION_LEVEL = "-Onone";
			};
			name = Debug;
		};
		21A8BC7F2D58095900E51E0F /* Release */ = {
			isa = XCBuildConfiguration;
			buildSettings = {
				ALWAYS_SEARCH_USER_PATHS = NO;
				ASSETCATALOG_COMPILER_GENERATE_SWIFT_ASSET_SYMBOL_EXTENSIONS = YES;
				CLANG_ANALYZER_NONNULL = YES;
				CLANG_ANALYZER_NUMBER_OBJECT_CONVERSION = YES_AGGRESSIVE;
				CLANG_CXX_LANGUAGE_STANDARD = "gnu++20";
				CLANG_ENABLE_MODULES = YES;
				CLANG_ENABLE_OBJC_ARC = YES;
				CLANG_ENABLE_OBJC_WEAK = YES;
				CLANG_WARN_BLOCK_CAPTURE_AUTORELEASING = YES;
				CLANG_WARN_BOOL_CONVERSION = YES;
				CLANG_WARN_COMMA = YES;
				CLANG_WARN_CONSTANT_CONVERSION = YES;
				CLANG_WARN_DEPRECATED_OBJC_IMPLEMENTATIONS = YES;
				CLANG_WARN_DIRECT_OBJC_ISA_USAGE = YES_ERROR;
				CLANG_WARN_DOCUMENTATION_COMMENTS = YES;
				CLANG_WARN_EMPTY_BODY = YES;
				CLANG_WARN_ENUM_CONVERSION = YES;
				CLANG_WARN_INFINITE_RECURSION = YES;
				CLANG_WARN_INT_CONVERSION = YES;
				CLANG_WARN_NON_LITERAL_NULL_CONVERSION = YES;
				CLANG_WARN_OBJC_IMPLICIT_RETAIN_SELF = YES;
				CLANG_WARN_OBJC_LITERAL_CONVERSION = YES;
				CLANG_WARN_OBJC_ROOT_CLASS = YES_ERROR;
				CLANG_WARN_QUOTED_INCLUDE_IN_FRAMEWORK_HEADER = YES;
				CLANG_WARN_RANGE_LOOP_ANALYSIS = YES;
				CLANG_WARN_STRICT_PROTOTYPES = YES;
				CLANG_WARN_SUSPICIOUS_MOVE = YES;
				CLANG_WARN_UNGUARDED_AVAILABILITY = YES_AGGRESSIVE;
				CLANG_WARN_UNREACHABLE_CODE = YES;
				CLANG_WARN__DUPLICATE_METHOD_MATCH = YES;
				COPY_PHASE_STRIP = NO;
				DEBUG_INFORMATION_FORMAT = "dwarf-with-dsym";
				ENABLE_NS_ASSERTIONS = NO;
				ENABLE_STRICT_OBJC_MSGSEND = YES;
				ENABLE_USER_SCRIPT_SANDBOXING = YES;
				GCC_C_LANGUAGE_STANDARD = gnu17;
				GCC_NO_COMMON_BLOCKS = YES;
				GCC_WARN_64_TO_32_BIT_CONVERSION = YES;
				GCC_WARN_ABOUT_RETURN_TYPE = YES_ERROR;
				GCC_WARN_UNDECLARED_SELECTOR = YES;
				GCC_WARN_UNINITIALIZED_AUTOS = YES_AGGRESSIVE;
				GCC_WARN_UNUSED_FUNCTION = YES;
				GCC_WARN_UNUSED_VARIABLE = YES;
				IPHONEOS_DEPLOYMENT_TARGET = 18.1;
				LOCALIZATION_PREFERS_STRING_CATALOGS = YES;
				MTL_ENABLE_DEBUG_INFO = NO;
				MTL_FAST_MATH = YES;
				SDKROOT = iphoneos;
				SWIFT_COMPILATION_MODE = wholemodule;
				VALIDATE_PRODUCT = YES;
			};
			name = Release;
		};
		21A8BC812D58095900E51E0F /* Debug */ = {
			isa = XCBuildConfiguration;
			buildSettings = {
				BUNDLE_LOADER = "$(TEST_HOST)";
				CODE_SIGN_STYLE = Automatic;
				CURRENT_PROJECT_VERSION = 1;
				GENERATE_INFOPLIST_FILE = YES;
				IPHONEOS_DEPLOYMENT_TARGET = 18.1;
				MARKETING_VERSION = 1.0;
				PRODUCT_BUNDLE_IDENTIFIER = "studentList.feb8-StudentList-Practice6Tests";
				PRODUCT_NAME = "$(TARGET_NAME)";
				SWIFT_EMIT_LOC_STRINGS = NO;
				SWIFT_VERSION = 5.0;
				TARGETED_DEVICE_FAMILY = "1,2";
				TEST_HOST = "$(BUILT_PRODUCTS_DIR)/feb8-StudentList-Practice6.app/$(BUNDLE_EXECUTABLE_FOLDER_PATH)/feb8-StudentList-Practice6";
			};
			name = Debug;
		};
		21A8BC822D58095900E51E0F /* Release */ = {
			isa = XCBuildConfiguration;
			buildSettings = {
				BUNDLE_LOADER = "$(TEST_HOST)";
				CODE_SIGN_STYLE = Automatic;
				CURRENT_PROJECT_VERSION = 1;
				GENERATE_INFOPLIST_FILE = YES;
				IPHONEOS_DEPLOYMENT_TARGET = 18.1;
				MARKETING_VERSION = 1.0;
				PRODUCT_BUNDLE_IDENTIFIER = "studentList.feb8-StudentList-Practice6Tests";
				PRODUCT_NAME = "$(TARGET_NAME)";
				SWIFT_EMIT_LOC_STRINGS = NO;
				SWIFT_VERSION = 5.0;
				TARGETED_DEVICE_FAMILY = "1,2";
				TEST_HOST = "$(BUILT_PRODUCTS_DIR)/feb8-StudentList-Practice6.app/$(BUNDLE_EXECUTABLE_FOLDER_PATH)/feb8-StudentList-Practice6";
			};
			name = Release;
		};
		21A8BC842D58095900E51E0F /* Debug */ = {
			isa = XCBuildConfiguration;
			buildSettings = {
				CODE_SIGN_STYLE = Automatic;
				CURRENT_PROJECT_VERSION = 1;
				GENERATE_INFOPLIST_FILE = YES;
				MARKETING_VERSION = 1.0;
				PRODUCT_BUNDLE_IDENTIFIER = "studentList.feb8-StudentList-Practice6UITests";
				PRODUCT_NAME = "$(TARGET_NAME)";
				SWIFT_EMIT_LOC_STRINGS = NO;
				SWIFT_VERSION = 5.0;
				TARGETED_DEVICE_FAMILY = "1,2";
				TEST_TARGET_NAME = "feb8-StudentList-Practice6";
			};
			name = Debug;
		};
		21A8BC852D58095900E51E0F /* Release */ = {
			isa = XCBuildConfiguration;
			buildSettings = {
				CODE_SIGN_STYLE = Automatic;
				CURRENT_PROJECT_VERSION = 1;
				GENERATE_INFOPLIST_FILE = YES;
				MARKETING_VERSION = 1.0;
				PRODUCT_BUNDLE_IDENTIFIER = "studentList.feb8-StudentList-Practice6UITests";
				PRODUCT_NAME = "$(TARGET_NAME)";
				SWIFT_EMIT_LOC_STRINGS = NO;
				SWIFT_VERSION = 5.0;
				TARGETED_DEVICE_FAMILY = "1,2";
				TEST_TARGET_NAME = "feb8-StudentList-Practice6";
			};
			name = Release;
		};
/* End XCBuildConfiguration section */

/* Begin XCConfigurationList section */
		21A8BC4D2D58095800E51E0F /* Build configuration list for PBXProject "feb8-StudentList-Practice6" */ = {
			isa = XCConfigurationList;
			buildConfigurations = (
				21A8BC7E2D58095900E51E0F /* Debug */,
				21A8BC7F2D58095900E51E0F /* Release */,
			);
			defaultConfigurationIsVisible = 0;
			defaultConfigurationName = Release;
		};
		21A8BC7B2D58095900E51E0F /* Build configuration list for PBXNativeTarget "feb8-StudentList-Practice6" */ = {
			isa = XCConfigurationList;
			buildConfigurations = (
				21A8BC7C2D58095900E51E0F /* Debug */,
				21A8BC7D2D58095900E51E0F /* Release */,
			);
			defaultConfigurationIsVisible = 0;
			defaultConfigurationName = Release;
		};
		21A8BC802D58095900E51E0F /* Build configuration list for PBXNativeTarget "feb8-StudentList-Practice6Tests" */ = {
			isa = XCConfigurationList;
			buildConfigurations = (
				21A8BC812D58095900E51E0F /* Debug */,
				21A8BC822D58095900E51E0F /* Release */,
			);
			defaultConfigurationIsVisible = 0;
			defaultConfigurationName = Release;
		};
		21A8BC832D58095900E51E0F /* Build configuration list for PBXNativeTarget "feb8-StudentList-Practice6UITests" */ = {
			isa = XCConfigurationList;
			buildConfigurations = (
				21A8BC842D58095900E51E0F /* Debug */,
				21A8BC852D58095900E51E0F /* Release */,
			);
			defaultConfigurationIsVisible = 0;
			defaultConfigurationName = Release;
		};
/* End XCConfigurationList section */
	};
	rootObject = 21A8BC4A2D58095800E51E0F /* Project object */;
}
